
Microsoft Visual Studio Solution File, Format Version 12.00
# Visual Studio Version 17
VisualStudioVersion = 17.14.36408.4 d17.14
MinimumVisualStudioVersion = 10.0.40219.1
Project("{FAE04EC0-301F-11D3-BF4B-00C04F79EFBC}") = "MichelMichels.Cryptography", "MichelMichels.Cryptography\MichelMichels.Cryptography.csproj", "{6B62BCFC-6DF3-4FFF-A827-6E90B2C90949}"
EndProject
Project("{FAE04EC0-301F-11D3-BF4B-00C04F79EFBC}") = "MichelMichels.CryptographyTests", "MichelMichels.CryptographyTests\MichelMichels.CryptographyTests.csproj", "{E27C1790-E939-4BCC-805C-0AE79C7ABFCD}"
EndProject
Global
	GlobalSection(SolutionConfigurationPlatforms) = preSolution
		Debug|Any CPU = Debug|Any CPU
		Release|Any CPU = Release|Any CPU
	EndGlobalSection
	GlobalSection(ProjectConfigurationPlatforms) = postSolution
		{6B62BCFC-6DF3-4FFF-A827-6E90B2C90949}.Debug|Any CPU.ActiveCfg = Debug|Any CPU
		{6B62BCFC-6DF3-4FFF-A827-6E90B2C90949}.Debug|Any CPU.Build.0 = Debug|Any CPU
		{6B62BCFC-6DF3-4FFF-A827-6E90B2C90949}.Release|Any CPU.ActiveCfg = Release|Any CPU
		{6B62BCFC-6DF3-4FFF-A827-6E90B2C90949}.Release|Any CPU.Build.0 = Release|Any CPU
		{E27C1790-E939-4BCC-805C-0AE79C7ABFCD}.Debug|Any CPU.ActiveCfg = Debug|Any CPU
		{E27C1790-E939-4BCC-805C-0AE79C7ABFCD}.Debug|Any CPU.Build.0 = Debug|Any CPU
		{E27C1790-E939-4BCC-805C-0AE79C7ABFCD}.Release|Any CPU.ActiveCfg = Release|Any CPU
		{E27C1790-E939-4BCC-805C-0AE79C7ABFCD}.Release|Any CPU.Build.0 = Release|Any CPU
	EndGlobalSection
	GlobalSection(SolutionProperties) = preSolution
		HideSolutionNode = FALSE
	EndGlobalSection
	GlobalSection(ExtensibilityGlobals) = postSolution
		SolutionGuid = {1A2B0D24-0D27-42F4-A928-928E98E4E8C7}
	EndGlobalSection
EndGlobal
